
Microsoft Visual Studio Solution File, Format Version 12.00
# Visual Studio Version 16
VisualStudioVersion = 16.0.30621.155
MinimumVisualStudioVersion = 10.0.40219.1
Project("{9A19103F-16F7-4668-BE54-9A1E7A4F7556}") = "ParkyAPI", "ParkyAPI\ParkyAPI.csproj", "{C5A6579B-43B9-4A87-AD30-8FAE5E188080}"
EndProject
Project("{9A19103F-16F7-4668-BE54-9A1E7A4F7556}") = "ParkyWeb", "ParkyWeb\ParkyWeb.csproj", "{F35E1E7B-9D97-4E21-8A31-1B6EFD39BCAA}"
EndProject
Global
	GlobalSection(SolutionConfigurationPlatforms) = preSolution
		Debug|Any CPU = Debug|Any CPU
		Release|Any CPU = Release|Any CPU
	EndGlobalSection
	GlobalSection(ProjectConfigurationPlatforms) = postSolution
		{C5A6579B-43B9-4A87-AD30-8FAE5E188080}.Debug|Any CPU.ActiveCfg = Debug|Any CPU
		{C5A6579B-43B9-4A87-AD30-8FAE5E188080}.Debug|Any CPU.Build.0 = Debug|Any CPU
		{C5A6579B-43B9-4A87-AD30-8FAE5E188080}.Release|Any CPU.ActiveCfg = Release|Any CPU
		{C5A6579B-43B9-4A87-AD30-8FAE5E188080}.Release|Any CPU.Build.0 = Release|Any CPU
		{F35E1E7B-9D97-4E21-8A31-1B6EFD39BCAA}.Debug|Any CPU.ActiveCfg = Debug|Any CPU
		{F35E1E7B-9D97-4E21-8A31-1B6EFD39BCAA}.Debug|Any CPU.Build.0 = Debug|Any CPU
		{F35E1E7B-9D97-4E21-8A31-1B6EFD39BCAA}.Release|Any CPU.ActiveCfg = Release|Any CPU
		{F35E1E7B-9D97-4E21-8A31-1B6EFD39BCAA}.Release|Any CPU.Build.0 = Release|Any CPU
	EndGlobalSection
	GlobalSection(SolutionProperties) = preSolution
		HideSolutionNode = FALSE
	EndGlobalSection
	GlobalSection(ExtensibilityGlobals) = postSolution
		SolutionGuid = {6095C2F6-A929-4462-9205-CAC724F8BB05}
	EndGlobalSection
EndGlobal
